
Microsoft Visual Studio Solution File, Format Version 12.00
# Visual Studio 14
VisualStudioVersion = 14.0.25420.1
MinimumVisualStudioVersion = 10.0.40219.1
Project("{FAE04EC0-301F-11D3-BF4B-00C04F79EFBC}") = "EasyDotNet.MVC.Sample", "EasyDotNet.MVC.Sample\EasyDotNet.MVC.Sample.csproj", "{5BCC73E8-BC43-4254-84E5-79F95D928854}"
EndProject
Project("{FAE04EC0-301F-11D3-BF4B-00C04F79EFBC}") = "EasyDotNet.MVC.Sample.Tests", "EasyDotNet.MVC.Sample.Tests\EasyDotNet.MVC.Sample.Tests.csproj", "{C2B11104-A024-49B4-9E91-E1543E1589AF}"
EndProject
Project("{FAE04EC0-301F-11D3-BF4B-00C04F79EFBC}") = "EasyDotNet", "EasyDotNet\EasyDotNet.csproj", "{01AE4121-629E-47E6-AB78-D992351CC13F}"
EndProject
Global
	GlobalSection(SolutionConfigurationPlatforms) = preSolution
		Debug|Any CPU = Debug|Any CPU
		Release|Any CPU = Release|Any CPU
	EndGlobalSection
	GlobalSection(ProjectConfigurationPlatforms) = postSolution
		{5BCC73E8-BC43-4254-84E5-79F95D928854}.Debug|Any CPU.ActiveCfg = Debug|Any CPU
		{5BCC73E8-BC43-4254-84E5-79F95D928854}.Debug|Any CPU.Build.0 = Debug|Any CPU
		{5BCC73E8-BC43-4254-84E5-79F95D928854}.Release|Any CPU.ActiveCfg = Release|Any CPU
		{5BCC73E8-BC43-4254-84E5-79F95D928854}.Release|Any CPU.Build.0 = Release|Any CPU
		{C2B11104-A024-49B4-9E91-E1543E1589AF}.Debug|Any CPU.ActiveCfg = Debug|Any CPU
		{C2B11104-A024-49B4-9E91-E1543E1589AF}.Debug|Any CPU.Build.0 = Debug|Any CPU
		{C2B11104-A024-49B4-9E91-E1543E1589AF}.Release|Any CPU.ActiveCfg = Release|Any CPU
		{C2B11104-A024-49B4-9E91-E1543E1589AF}.Release|Any CPU.Build.0 = Release|Any CPU
		{01AE4121-629E-47E6-AB78-D992351CC13F}.Debug|Any CPU.ActiveCfg = Debug|Any CPU
		{01AE4121-629E-47E6-AB78-D992351CC13F}.Debug|Any CPU.Build.0 = Debug|Any CPU
		{01AE4121-629E-47E6-AB78-D992351CC13F}.Release|Any CPU.ActiveCfg = Release|Any CPU
		{01AE4121-629E-47E6-AB78-D992351CC13F}.Release|Any CPU.Build.0 = Release|Any CPU
	EndGlobalSection
	GlobalSection(SolutionProperties) = preSolution
		HideSolutionNode = FALSE
	EndGlobalSection
EndGlobal
